
Microsoft Visual Studio Solution File, Format Version 12.00
# Visual Studio Version 16
VisualStudioVersion = 16.0.29911.84
MinimumVisualStudioVersion = 10.0.40219.1
Project("{9A19103F-16F7-4668-BE54-9A1E7A4F7556}") = "kata-gof-chain-of-responsibility-pokerhands", "kata-gof-chain-of-responsibility-pokerhands\kata-gof-chain-of-responsibility-pokerhands.csproj", "{BA4DB328-6122-48B0-9855-8F0F6F6A6089}"
EndProject
Project("{9A19103F-16F7-4668-BE54-9A1E7A4F7556}") = "kata-gof-chain-of-responsibility-pokerhands-tests", "kata-gof-chain-of-responsibility-pokerhands-tests\kata-gof-chain-of-responsibility-pokerhands-tests.csproj", "{B5A47357-DAAC-4136-8CEE-CC13E1251A22}"
EndProject
Project("{2150E333-8FDC-42A3-9474-1A3956D46DE8}") = "Solution Items", "Solution Items", "{7DFF845D-D378-43B0-AE8F-A8BAF0DFBC8B}"
	ProjectSection(SolutionItems) = preProject
		.gitignore = .gitignore
		ChainOfResponsibilityPattern.png = ChainOfResponsibilityPattern.png
		tools\dupfinder.bat = tools\dupfinder.bat
		LICENSE = LICENSE
		README.md = README.md
	EndProjectSection
EndProject
Global
	GlobalSection(SolutionConfigurationPlatforms) = preSolution
		Debug|Any CPU = Debug|Any CPU
		Release|Any CPU = Release|Any CPU
	EndGlobalSection
	GlobalSection(ProjectConfigurationPlatforms) = postSolution
		{BA4DB328-6122-48B0-9855-8F0F6F6A6089}.Debug|Any CPU.ActiveCfg = Debug|Any CPU
		{BA4DB328-6122-48B0-9855-8F0F6F6A6089}.Debug|Any CPU.Build.0 = Debug|Any CPU
		{BA4DB328-6122-48B0-9855-8F0F6F6A6089}.Release|Any CPU.ActiveCfg = Release|Any CPU
		{BA4DB328-6122-48B0-9855-8F0F6F6A6089}.Release|Any CPU.Build.0 = Release|Any CPU
		{B5A47357-DAAC-4136-8CEE-CC13E1251A22}.Debug|Any CPU.ActiveCfg = Debug|Any CPU
		{B5A47357-DAAC-4136-8CEE-CC13E1251A22}.Debug|Any CPU.Build.0 = Debug|Any CPU
		{B5A47357-DAAC-4136-8CEE-CC13E1251A22}.Release|Any CPU.ActiveCfg = Release|Any CPU
		{B5A47357-DAAC-4136-8CEE-CC13E1251A22}.Release|Any CPU.Build.0 = Release|Any CPU
	EndGlobalSection
	GlobalSection(SolutionProperties) = preSolution
		HideSolutionNode = FALSE
	EndGlobalSection
	GlobalSection(ExtensibilityGlobals) = postSolution
		SolutionGuid = {E5C1CBEC-3EAF-4C20-8F1C-37755829F2F2}
	EndGlobalSection
EndGlobal
